
Microsoft Visual Studio Solution File, Format Version 12.00
# Visual Studio 15
VisualStudioVersion = 15.0.28010.2003
MinimumVisualStudioVersion = 10.0.40219.1
Project("{FAE04EC0-301F-11D3-BF4B-00C04F79EFBC}") = "WagCorporation", "WagCorporation.csproj", "{F830FCE0-A31F-44BD-9295-73A902510417}"
EndProject
Global
	GlobalSection(SolutionConfigurationPlatforms) = preSolution
		Debug|x86 = Debug|x86
		Release|x86 = Release|x86
	EndGlobalSection
	GlobalSection(ProjectConfigurationPlatforms) = postSolution
		{F830FCE0-A31F-44BD-9295-73A902510417}.Debug|x86.ActiveCfg = Debug|x86
		{F830FCE0-A31F-44BD-9295-73A902510417}.Debug|x86.Build.0 = Debug|x86
		{F830FCE0-A31F-44BD-9295-73A902510417}.Release|x86.ActiveCfg = Release|x86
		{F830FCE0-A31F-44BD-9295-73A902510417}.Release|x86.Build.0 = Release|x86
	EndGlobalSection
	GlobalSection(SolutionProperties) = preSolution
		HideSolutionNode = FALSE
	EndGlobalSection
	GlobalSection(ExtensibilityGlobals) = postSolution
		SolutionGuid = {9D1A1DE6-028F-4213-9736-41F935E7EAE6}
	EndGlobalSection
EndGlobal
